// !$*UTF8*$!
{
	archiveVersion = 1;
	classes = {
	};
	objectVersion = 48;
	objects = {

/* Begin PBXBuildFile section */
		C1B7B3811F92DA9C00128AC1 /* AppDelegate.swift in Sources */ = {isa = PBXBuildFile; fileRef = C1B7B3801F92DA9C00128AC1 /* AppDelegate.swift */; };
		C1B7B3861F92DA9C00128AC1 /* Main.storyboard in Resources */ = {isa = PBXBuildFile; fileRef = C1B7B3841F92DA9C00128AC1 /* Main.storyboard */; };
		C1B7B3881F92DA9C00128AC1 /* Assets.xcassets in Resources */ = {isa = PBXBuildFile; fileRef = C1B7B3871F92DA9C00128AC1 /* Assets.xcassets */; };
		C1B7B38B1F92DA9C00128AC1 /* LaunchScreen.storyboard in Resources */ = {isa = PBXBuildFile; fileRef = C1B7B3891F92DA9C00128AC1 /* LaunchScreen.storyboard */; };
		C1B7B3931F92DB0D00128AC1 /* DetailVC.swift in Sources */ = {isa = PBXBuildFile; fileRef = C1B7B3921F92DB0D00128AC1 /* DetailVC.swift */; };
		C1B7B3951F92DF3000128AC1 /* ListVC.swift in Sources */ = {isa = PBXBuildFile; fileRef = C1B7B3941F92DF3000128AC1 /* ListVC.swift */; };
		C1B7B3DB1F92F9BE007D6596 /* PageVC.swift in Sources */ = {isa = PBXBuildFile; fileRef = C1B7B3DA1F92F9BE007D6596 /* PageVC.swift */; };
/* End PBXBuildFile section */

/* Begin PBXFileReference section */
		C1B7B37D1F92DA9C00128AC1 /* Weather Gift.app */ = {isa = PBXFileReference; explicitFileType = wrapper.application; includeInIndex = 0; path = "Weather Gift.app"; sourceTree = BUILT_PRODUCTS_DIR; };
		C1B7B3801F92DA9C00128AC1 /* AppDelegate.swift */ = {isa = PBXFileReference; lastKnownFileType = sourcecode.swift; path = AppDelegate.swift; sourceTree = "<group>"; };
		C1B7B3851F92DA9C00128AC1 /* Base */ = {isa = PBXFileReference; lastKnownFileType = file.storyboard; name = Base; path = Base.lproj/Main.storyboard; sourceTree = "<group>"; };
		C1B7B3871F92DA9C00128AC1 /* Assets.xcassets */ = {isa = PBXFileReference; lastKnownFileType = folder.assetcatalog; path = Assets.xcassets; sourceTree = "<group>"; };
		C1B7B38A1F92DA9C00128AC1 /* Base */ = {isa = PBXFileReference; lastKnownFileType = file.storyboard; name = Base; path = Base.lproj/LaunchScreen.storyboard; sourceTree = "<group>"; };
		C1B7B38C1F92DA9C00128AC1 /* Info.plist */ = {isa = PBXFileReference; lastKnownFileType = text.plist.xml; path = Info.plist; sourceTree = "<group>"; };
		C1B7B3921F92DB0D00128AC1 /* DetailVC.swift */ = {isa = PBXFileReference; lastKnownFileType = sourcecode.swift; path = DetailVC.swift; sourceTree = "<group>"; };
		C1B7B3941F92DF3000128AC1 /* ListVC.swift */ = {isa = PBXFileReference; lastKnownFileType = sourcecode.swift; path = ListVC.swift; sourceTree = "<group>"; };
		C1B7B3DA1F92F9BE007D6596 /* PageVC.swift */ = {isa = PBXFileReference; lastKnownFileType = sourcecode.swift; path = PageVC.swift; sourceTree = "<group>"; };
/* End PBXFileReference section */

/* Begin PBXFrameworksBuildPhase section */
		C1B7B37A1F92DA9C00128AC1 /* Frameworks */ = {
			isa = PBXFrameworksBuildPhase;
			buildActionMask = 2147483647;
			files = (
			);
			runOnlyForDeploymentPostprocessing = 0;
		};
/* End PBXFrameworksBuildPhase section */

/* Begin PBXGroup section */
		C1B7B3741F92DA9C00128AC1 = {
			isa = PBXGroup;
			children = (
				C1B7B37F1F92DA9C00128AC1 /* Weather Gift */,
				C1B7B37E1F92DA9C00128AC1 /* Products */,
			);
			sourceTree = "<group>";
		};
		C1B7B37E1F92DA9C00128AC1 /* Products */ = {
			isa = PBXGroup;
			children = (
				C1B7B37D1F92DA9C00128AC1 /* Weather Gift.app */,
			);
			name = Products;
			sourceTree = "<group>";
		};
		C1B7B37F1F92DA9C00128AC1 /* Weather Gift */ = {
			isa = PBXGroup;
			children = (
				C1B7B3801F92DA9C00128AC1 /* AppDelegate.swift */,
				C1B7B3DA1F92F9BE007D6596 /* PageVC.swift */,
				C1B7B3921F92DB0D00128AC1 /* DetailVC.swift */,
				C1B7B3941F92DF3000128AC1 /* ListVC.swift */,
				C1B7B3841F92DA9C00128AC1 /* Main.storyboard */,
				C1B7B3871F92DA9C00128AC1 /* Assets.xcassets */,
				C1B7B3891F92DA9C00128AC1 /* LaunchScreen.storyboard */,
				C1B7B38C1F92DA9C00128AC1 /* Info.plist */,
			);
			path = "Weather Gift";
			sourceTree = "<group>";
		};
/* End PBXGroup section */

/* Begin PBXNativeTarget section */
		C1B7B37C1F92DA9C00128AC1 /* Weather Gift */ = {
			isa = PBXNativeTarget;
			buildConfigurationList = C1B7B38F1F92DA9C00128AC1 /* Build configuration list for PBXNativeTarget "Weather Gift" */;
			buildPhases = (
				C1B7B3791F92DA9C00128AC1 /* Sources */,
				C1B7B37A1F92DA9C00128AC1 /* Frameworks */,
				C1B7B37B1F92DA9C00128AC1 /* Resources */,
			);
			buildRules = (
			);
			dependencies = (
			);
			name = "Weather Gift";
			productName = "Weather Gift";
			productReference = C1B7B37D1F92DA9C00128AC1 /* Weather Gift.app */;
			productType = "com.apple.product-type.application";
		};
/* End PBXNativeTarget section */

/* Begin PBXProject section */
		C1B7B3751F92DA9C00128AC1 /* Project object */ = {
			isa = PBXProject;
			attributes = {
				LastSwiftUpdateCheck = 0900;
				LastUpgradeCheck = 0900;
				ORGANIZATIONNAME = "Christopher Chiang";
				TargetAttributes = {
					C1B7B37C1F92DA9C00128AC1 = {
						CreatedOnToolsVersion = 9.0;
						ProvisioningStyle = Automatic;
					};
				};
			};
			buildConfigurationList = C1B7B3781F92DA9C00128AC1 /* Build configuration list for PBXProject "Weather Gift" */;
			compatibilityVersion = "Xcode 8.0";
			developmentRegion = en;
			hasScannedForEncodings = 0;
			knownRegions = (
				en,
				Base,
			);
			mainGroup = C1B7B3741F92DA9C00128AC1;
			productRefGroup = C1B7B37E1F92DA9C00128AC1 /* Products */;
			projectDirPath = "";
			projectRoot = "";
			targets = (
				C1B7B37C1F92DA9C00128AC1 /* Weather Gift */,
			);
		};
/* End PBXProject section */

/* Begin PBXResourcesBuildPhase section */
		C1B7B37B1F92DA9C00128AC1 /* Resources */ = {
			isa = PBXResourcesBuildPhase;
			buildActionMask = 2147483647;
			files = (
				C1B7B38B1F92DA9C00128AC1 /* LaunchScreen.storyboard in Resources */,
				C1B7B3881F92DA9C00128AC1 /* Assets.xcassets in Resources */,
				C1B7B3861F92DA9C00128AC1 /* Main.storyboard in Resources */,
			);
			runOnlyForDeploymentPostprocessing = 0;
		};
/* End PBXResourcesBuildPhase section */

/* Begin PBXSourcesBuildPhase section */
		C1B7B3791F92DA9C00128AC1 /* Sources */ = {
			isa = PBXSourcesBuildPhase;
			buildActionMask = 2147483647;
			files = (
				C1B7B3951F92DF3000128AC1 /* ListVC.swift in Sources */,
				C1B7B3DB1F92F9BE007D6596 /* PageVC.swift in Sources */,
				C1B7B3811F92DA9C00128AC1 /* AppDelegate.swift in Sources */,
				C1B7B3931F92DB0D00128AC1 /* DetailVC.swift in Sources */,
			);
			runOnlyForDeploymentPostprocessing = 0;
		};
/* End PBXSourcesBuildPhase section */

/* Begin PBXVariantGroup section */
		C1B7B3841F92DA9C00128AC1 /* Main.storyboard */ = {
			isa = PBXVariantGroup;
			children = (
				C1B7B3851F92DA9C00128AC1 /* Base */,
			);
			name = Main.storyboard;
			sourceTree = "<group>";
		};
		C1B7B3891F92DA9C00128AC1 /* LaunchScreen.storyboard */ = {
			isa = PBXVariantGroup;
			children = (
				C1B7B38A1F92DA9C00128AC1 /* Base */,
			);
			name = LaunchScreen.storyboard;
			sourceTree = "<group>";
		};
/* End PBXVariantGroup section */

/* Begin XCBuildConfiguration section */
		C1B7B38D1F92DA9C00128AC1 /* Debug */ = {
			isa = XCBuildConfiguration;
			buildSettings = {
				ALWAYS_SEARCH_USER_PATHS = NO;
				CLANG_ANALYZER_NONNULL = YES;
				CLANG_ANALYZER_NUMBER_OBJECT_CONVERSION = YES_AGGRESSIVE;
				CLANG_CXX_LANGUAGE_STANDARD = "gnu++14";
				CLANG_CXX_LIBRARY = "libc++";
				CLANG_ENABLE_MODULES = YES;
				CLANG_ENABLE_OBJC_ARC = YES;
				CLANG_WARN_BLOCK_CAPTURE_AUTORELEASING = YES;
				CLANG_WARN_BOOL_CONVERSION = YES;
				CLANG_WARN_COMMA = YES;
				CLANG_WARN_CONSTANT_CONVERSION = YES;
				CLANG_WARN_DIRECT_OBJC_ISA_USAGE = YES_ERROR;
				CLANG_WARN_DOCUMENTATION_COMMENTS = YES;
				CLANG_WARN_EMPTY_BODY = YES;
				CLANG_WARN_ENUM_CONVERSION = YES;
				CLANG_WARN_INFINITE_RECURSION = YES;
				CLANG_WARN_INT_CONVERSION = YES;
				CLANG_WARN_NON_LITERAL_NULL_CONVERSION = YES;
				CLANG_WARN_OBJC_LITERAL_CONVERSION = YES;
				CLANG_WARN_OBJC_ROOT_CLASS = YES_ERROR;
				CLANG_WARN_RANGE_LOOP_ANALYSIS = YES;
				CLANG_WARN_STRICT_PROTOTYPES = YES;
				CLANG_WARN_SUSPICIOUS_MOVE = YES;
				CLANG_WARN_UNGUARDED_AVAILABILITY = YES_AGGRESSIVE;
				CLANG_WARN_UNREACHABLE_CODE = YES;
				CLANG_WARN__DUPLICATE_METHOD_MATCH = YES;
				CODE_SIGN_IDENTITY = "iPhone Developer";
				COPY_PHASE_STRIP = NO;
				DEBUG_INFORMATION_FORMAT = dwarf;
				ENABLE_STRICT_OBJC_MSGSEND = YES;
				ENABLE_TESTABILITY = YES;
				GCC_C_LANGUAGE_STANDARD = gnu11;
				GCC_DYNAMIC_NO_PIC = NO;
				GCC_NO_COMMON_BLOCKS = YES;
				GCC_OPTIMIZATION_LEVEL = 0;
				GCC_PREPROCESSOR_DEFINITIONS = (
					"DEBUG=1",
					"$(inherited)",
				);
				GCC_WARN_64_TO_32_BIT_CONVERSION = YES;
				GCC_WARN_ABOUT_RETURN_TYPE = YES_ERROR;
				GCC_WARN_UNDECLARED_SELECTOR = YES;
				GCC_WARN_UNINITIALIZED_AUTOS = YES_AGGRESSIVE;
				GCC_WARN_UNUSED_FUNCTION = YES;
				GCC_WARN_UNUSED_VARIABLE = YES;
				IPHONEOS_DEPLOYMENT_TARGET = 11.0;
				MTL_ENABLE_DEBUG_INFO = YES;
				ONLY_ACTIVE_ARCH = YES;
				SDKROOT = iphoneos;
				SWIFT_ACTIVE_COMPILATION_CONDITIONS = DEBUG;
				SWIFT_OPTIMIZATION_LEVEL = "-Onone";
			};
			name = Debug;
		};
		C1B7B38E1F92DA9C00128AC1 /* Release */ = {
			isa = XCBuildConfiguration;
			buildSettings = {
				ALWAYS_SEARCH_USER_PATHS = NO;
				CLANG_ANALYZER_NONNULL = YES;
				CLANG_ANALYZER_NUMBER_OBJECT_CONVERSION = YES_AGGRESSIVE;
				CLANG_CXX_LANGUAGE_STANDARD = "gnu++14";
				CLANG_CXX_LIBRARY = "libc++";
				CLANG_ENABLE_MODULES = YES;
				CLANG_ENABLE_OBJC_ARC = YES;
				CLANG_WARN_BLOCK_CAPTURE_AUTORELEASING = YES;
				CLANG_WARN_BOOL_CONVERSION = YES;
				CLANG_WARN_COMMA = YES;
				CLANG_WARN_CONSTANT_CONVERSION = YES;
				CLANG_WARN_DIRECT_OBJC_ISA_USAGE = YES_ERROR;
				CLANG_WARN_DOCUMENTATION_COMMENTS = YES;
				CLANG_WARN_EMPTY_BODY = YES;
				CLANG_WARN_ENUM_CONVERSION = YES;
				CLANG_WARN_INFINITE_RECURSION = YES;
				CLANG_WARN_INT_CONVERSION = YES;
				CLANG_WARN_NON_LITERAL_NULL_CONVERSION = YES;
				CLANG_WARN_OBJC_LITERAL_CONVERSION = YES;
				CLANG_WARN_OBJC_ROOT_CLASS = YES_ERROR;
				CLANG_WARN_RANGE_LOOP_ANALYSIS = YES;
				CLANG_WARN_STRICT_PROTOTYPES = YES;
				CLANG_WARN_SUSPICIOUS_MOVE = YES;
				CLANG_WARN_UNGUARDED_AVAILABILITY = YES_AGGRESSIVE;
				CLANG_WARN_UNREACHABLE_CODE = YES;
				CLANG_WARN__DUPLICATE_METHOD_MATCH = YES;
				CODE_SIGN_IDENTITY = "iPhone Developer";
				COPY_PHASE_STRIP = NO;
				DEBUG_INFORMATION_FORMAT = "dwarf-with-dsym";
				ENABLE_NS_ASSERTIONS = NO;
				ENABLE_STRICT_OBJC_MSGSEND = YES;
				GCC_C_LANGUAGE_STANDARD = gnu11;
				GCC_NO_COMMON_BLOCKS = YES;
				GCC_WARN_64_TO_32_BIT_CONVERSION = YES;
				GCC_WARN_ABOUT_RETURN_TYPE = YES_ERROR;
				GCC_WARN_UNDECLARED_SELECTOR = YES;
				GCC_WARN_UNINITIALIZED_AUTOS = YES_AGGRESSIVE;
				GCC_WARN_UNUSED_FUNCTION = YES;
				GCC_WARN_UNUSED_VARIABLE = YES;
				IPHONEOS_DEPLOYMENT_TARGET = 11.0;
				MTL_ENABLE_DEBUG_INFO = NO;
				SDKROOT = iphoneos;
				SWIFT_OPTIMIZATION_LEVEL = "-Owholemodule";
				VALIDATE_PRODUCT = YES;
			};
			name = Release;
		};
		C1B7B3901F92DA9C00128AC1 /* Debug */ = {
			isa = XCBuildConfiguration;
			buildSettings = {
				ASSETCATALOG_COMPILER_APPICON_NAME = AppIcon;
				CODE_SIGN_STYLE = Automatic;
				DEVELOPMENT_TEAM = 6F53KRL47J;
				INFOPLIST_FILE = "Weather Gift/Info.plist";
				IPHONEOS_DEPLOYMENT_TARGET = 11.0;
				LD_RUNPATH_SEARCH_PATHS = "$(inherited) @executable_path/Frameworks";
				PRODUCT_BUNDLE_IDENTIFIER = "com.cchiang.Weather-Gift";
				PRODUCT_NAME = "$(TARGET_NAME)";
				SWIFT_VERSION = 4.0;
				TARGETED_DEVICE_FAMILY = "1,2";
			};
			name = Debug;
		};
		C1B7B3911F92DA9C00128AC1 /* Release */ = {
			isa = XCBuildConfiguration;
			buildSettings = {
				ASSETCATALOG_COMPILER_APPICON_NAME = AppIcon;
				CODE_SIGN_STYLE = Automatic;
				DEVELOPMENT_TEAM = 6F53KRL47J;
				INFOPLIST_FILE = "Weather Gift/Info.plist";
				IPHONEOS_DEPLOYMENT_TARGET = 11.0;
				LD_RUNPATH_SEARCH_PATHS = "$(inherited) @executable_path/Frameworks";
				PRODUCT_BUNDLE_IDENTIFIER = "com.cchiang.Weather-Gift";
				PRODUCT_NAME = "$(TARGET_NAME)";
				SWIFT_VERSION = 4.0;
				TARGETED_DEVICE_FAMILY = "1,2";
			};
			name = Release;
		};
/* End XCBuildConfiguration section */

/* Begin XCConfigurationList section */
		C1B7B3781F92DA9C00128AC1 /* Build configuration list for PBXProject "Weather Gift" */ = {
			isa = XCConfigurationList;
			buildConfigurations = (
				C1B7B38D1F92DA9C00128AC1 /* Debug */,
				C1B7B38E1F92DA9C00128AC1 /* Release */,
			);
			defaultConfigurationIsVisible = 0;
			defaultConfigurationName = Release;
		};
		C1B7B38F1F92DA9C00128AC1 /* Build configuration list for PBXNativeTarget "Weather Gift" */ = {
			isa = XCConfigurationList;
			buildConfigurations = (
				C1B7B3901F92DA9C00128AC1 /* Debug */,
				C1B7B3911F92DA9C00128AC1 /* Release */,
			);
			defaultConfigurationIsVisible = 0;
			defaultConfigurationName = Release;
		};
/* End XCConfigurationList section */
	};
	rootObject = C1B7B3751F92DA9C00128AC1 /* Project object */;
}
